// !$*UTF8*$!
{
	archiveVersion = 1;
	classes = {
	};
	objectVersion = 56;
	objects = {

/* Begin PBXBuildFile section */
		EC4491652A98F1A3004F662E /* secret_poleApp.swift in Sources */ = {isa = PBXBuildFile; fileRef = EC4491642A98F1A3004F662E /* secret_poleApp.swift */; };
		EC4491672A98F1A3004F662E /* ContentView.swift in Sources */ = {isa = PBXBuildFile; fileRef = EC4491662A98F1A3004F662E /* ContentView.swift */; };
		EC4491692A98F1A4004F662E /* Assets.xcassets in Resources */ = {isa = PBXBuildFile; fileRef = EC4491682A98F1A4004F662E /* Assets.xcassets */; };
		EC44916C2A98F1A4004F662E /* Preview Assets.xcassets in Resources */ = {isa = PBXBuildFile; fileRef = EC44916B2A98F1A4004F662E /* Preview Assets.xcassets */; };
		EC4491762A98F1A4004F662E /* secret_poleTests.swift in Sources */ = {isa = PBXBuildFile; fileRef = EC4491752A98F1A4004F662E /* secret_poleTests.swift */; };
		EC4491802A98F1A4004F662E /* secret_poleUITests.swift in Sources */ = {isa = PBXBuildFile; fileRef = EC44917F2A98F1A4004F662E /* secret_poleUITests.swift */; };
		EC4491822A98F1A4004F662E /* secret_poleUITestsLaunchTests.swift in Sources */ = {isa = PBXBuildFile; fileRef = EC4491812A98F1A4004F662E /* secret_poleUITestsLaunchTests.swift */; };
/* End PBXBuildFile section */

/* Begin PBXContainerItemProxy section */
		EC4491722A98F1A4004F662E /* PBXContainerItemProxy */ = {
			isa = PBXContainerItemProxy;
			containerPortal = EC4491592A98F1A3004F662E /* Project object */;
			proxyType = 1;
			remoteGlobalIDString = EC4491602A98F1A3004F662E;
			remoteInfo = "secret-pole";
		};
		EC44917C2A98F1A4004F662E /* PBXContainerItemProxy */ = {
			isa = PBXContainerItemProxy;
			containerPortal = EC4491592A98F1A3004F662E /* Project object */;
			proxyType = 1;
			remoteGlobalIDString = EC4491602A98F1A3004F662E;
			remoteInfo = "secret-pole";
		};
/* End PBXContainerItemProxy section */

/* Begin PBXFileReference section */
		EC4491612A98F1A3004F662E /* secret-pole.app */ = {isa = PBXFileReference; explicitFileType = wrapper.application; includeInIndex = 0; path = "secret-pole.app"; sourceTree = BUILT_PRODUCTS_DIR; };
		EC4491642A98F1A3004F662E /* secret_poleApp.swift */ = {isa = PBXFileReference; lastKnownFileType = sourcecode.swift; path = secret_poleApp.swift; sourceTree = "<group>"; };
		EC4491662A98F1A3004F662E /* ContentView.swift */ = {isa = PBXFileReference; lastKnownFileType = sourcecode.swift; path = ContentView.swift; sourceTree = "<group>"; };
		EC4491682A98F1A4004F662E /* Assets.xcassets */ = {isa = PBXFileReference; lastKnownFileType = folder.assetcatalog; path = Assets.xcassets; sourceTree = "<group>"; };
		EC44916B2A98F1A4004F662E /* Preview Assets.xcassets */ = {isa = PBXFileReference; lastKnownFileType = folder.assetcatalog; path = "Preview Assets.xcassets"; sourceTree = "<group>"; };
		EC4491712A98F1A4004F662E /* secret-poleTests.xctest */ = {isa = PBXFileReference; explicitFileType = wrapper.cfbundle; includeInIndex = 0; path = "secret-poleTests.xctest"; sourceTree = BUILT_PRODUCTS_DIR; };
		EC4491752A98F1A4004F662E /* secret_poleTests.swift */ = {isa = PBXFileReference; lastKnownFileType = sourcecode.swift; path = secret_poleTests.swift; sourceTree = "<group>"; };
		EC44917B2A98F1A4004F662E /* secret-poleUITests.xctest */ = {isa = PBXFileReference; explicitFileType = wrapper.cfbundle; includeInIndex = 0; path = "secret-poleUITests.xctest"; sourceTree = BUILT_PRODUCTS_DIR; };
		EC44917F2A98F1A4004F662E /* secret_poleUITests.swift */ = {isa = PBXFileReference; lastKnownFileType = sourcecode.swift; path = secret_poleUITests.swift; sourceTree = "<group>"; };
		EC4491812A98F1A4004F662E /* secret_poleUITestsLaunchTests.swift */ = {isa = PBXFileReference; lastKnownFileType = sourcecode.swift; path = secret_poleUITestsLaunchTests.swift; sourceTree = "<group>"; };
/* End PBXFileReference section */

/* Begin PBXFrameworksBuildPhase section */
		EC44915E2A98F1A3004F662E /* Frameworks */ = {
			isa = PBXFrameworksBuildPhase;
			buildActionMask = 2147483647;
			files = (
			);
			runOnlyForDeploymentPostprocessing = 0;
		};
		EC44916E2A98F1A4004F662E /* Frameworks */ = {
			isa = PBXFrameworksBuildPhase;
			buildActionMask = 2147483647;
			files = (
			);
			runOnlyForDeploymentPostprocessing = 0;
		};
		EC4491782A98F1A4004F662E /* Frameworks */ = {
			isa = PBXFrameworksBuildPhase;
			buildActionMask = 2147483647;
			files = (
			);
			runOnlyForDeploymentPostprocessing = 0;
		};
/* End PBXFrameworksBuildPhase section */

/* Begin PBXGroup section */
		EC4491582A98F1A3004F662E = {
			isa = PBXGroup;
			children = (
				EC4491632A98F1A3004F662E /* secret-pole */,
				EC4491742A98F1A4004F662E /* secret-poleTests */,
				EC44917E2A98F1A4004F662E /* secret-poleUITests */,
				EC4491622A98F1A3004F662E /* Products */,
			);
			sourceTree = "<group>";
		};
		EC4491622A98F1A3004F662E /* Products */ = {
			isa = PBXGroup;
			children = (
				EC4491612A98F1A3004F662E /* secret-pole.app */,
				EC4491712A98F1A4004F662E /* secret-poleTests.xctest */,
				EC44917B2A98F1A4004F662E /* secret-poleUITests.xctest */,
			);
			name = Products;
			sourceTree = "<group>";
		};
		EC4491632A98F1A3004F662E /* secret-pole */ = {
			isa = PBXGroup;
			children = (
				EC4491642A98F1A3004F662E /* secret_poleApp.swift */,
				EC4491662A98F1A3004F662E /* ContentView.swift */,
				EC4491682A98F1A4004F662E /* Assets.xcassets */,
				EC44916A2A98F1A4004F662E /* Preview Content */,
			);
			path = "secret-pole";
			sourceTree = "<group>";
		};
		EC44916A2A98F1A4004F662E /* Preview Content */ = {
			isa = PBXGroup;
			children = (
				EC44916B2A98F1A4004F662E /* Preview Assets.xcassets */,
			);
			path = "Preview Content";
			sourceTree = "<group>";
		};
		EC4491742A98F1A4004F662E /* secret-poleTests */ = {
			isa = PBXGroup;
			children = (
				EC4491752A98F1A4004F662E /* secret_poleTests.swift */,
			);
			path = "secret-poleTests";
			sourceTree = "<group>";
		};
		EC44917E2A98F1A4004F662E /* secret-poleUITests */ = {
			isa = PBXGroup;
			children = (
				EC44917F2A98F1A4004F662E /* secret_poleUITests.swift */,
				EC4491812A98F1A4004F662E /* secret_poleUITestsLaunchTests.swift */,
			);
			path = "secret-poleUITests";
			sourceTree = "<group>";
		};
/* End PBXGroup section */

/* Begin PBXNativeTarget section */
		EC4491602A98F1A3004F662E /* secret-pole */ = {
			isa = PBXNativeTarget;
			buildConfigurationList = EC4491852A98F1A4004F662E /* Build configuration list for PBXNativeTarget "secret-pole" */;
			buildPhases = (
				EC44915D2A98F1A3004F662E /* Sources */,
				EC44915E2A98F1A3004F662E /* Frameworks */,
				EC44915F2A98F1A3004F662E /* Resources */,
			);
			buildRules = (
			);
			dependencies = (
			);
			name = "secret-pole";
			productName = "secret-pole";
			productReference = EC4491612A98F1A3004F662E /* secret-pole.app */;
			productType = "com.apple.product-type.application";
		};
		EC4491702A98F1A4004F662E /* secret-poleTests */ = {
			isa = PBXNativeTarget;
			buildConfigurationList = EC4491882A98F1A4004F662E /* Build configuration list for PBXNativeTarget "secret-poleTests" */;
			buildPhases = (
				EC44916D2A98F1A4004F662E /* Sources */,
				EC44916E2A98F1A4004F662E /* Frameworks */,
				EC44916F2A98F1A4004F662E /* Resources */,
			);
			buildRules = (
			);
			dependencies = (
				EC4491732A98F1A4004F662E /* PBXTargetDependency */,
			);
			name = "secret-poleTests";
			productName = "secret-poleTests";
			productReference = EC4491712A98F1A4004F662E /* secret-poleTests.xctest */;
			productType = "com.apple.product-type.bundle.unit-test";
		};
		EC44917A2A98F1A4004F662E /* secret-poleUITests */ = {
			isa = PBXNativeTarget;
			buildConfigurationList = EC44918B2A98F1A4004F662E /* Build configuration list for PBXNativeTarget "secret-poleUITests" */;
			buildPhases = (
				EC4491772A98F1A4004F662E /* Sources */,
				EC4491782A98F1A4004F662E /* Frameworks */,
				EC4491792A98F1A4004F662E /* Resources */,
			);
			buildRules = (
			);
			dependencies = (
				EC44917D2A98F1A4004F662E /* PBXTargetDependency */,
			);
			name = "secret-poleUITests";
			productName = "secret-poleUITests";
			productReference = EC44917B2A98F1A4004F662E /* secret-poleUITests.xctest */;
			productType = "com.apple.product-type.bundle.ui-testing";
		};
/* End PBXNativeTarget section */

/* Begin PBXProject section */
		EC4491592A98F1A3004F662E /* Project object */ = {
			isa = PBXProject;
			attributes = {
				BuildIndependentTargetsInParallel = 1;
				LastSwiftUpdateCheck = 1430;
				LastUpgradeCheck = 1430;
				TargetAttributes = {
					EC4491602A98F1A3004F662E = {
						CreatedOnToolsVersion = 14.3.1;
					};
					EC4491702A98F1A4004F662E = {
						CreatedOnToolsVersion = 14.3.1;
						TestTargetID = EC4491602A98F1A3004F662E;
					};
					EC44917A2A98F1A4004F662E = {
						CreatedOnToolsVersion = 14.3.1;
						TestTargetID = EC4491602A98F1A3004F662E;
					};
				};
			};
			buildConfigurationList = EC44915C2A98F1A3004F662E /* Build configuration list for PBXProject "secret-pole" */;
			compatibilityVersion = "Xcode 14.0";
			developmentRegion = en;
			hasScannedForEncodings = 0;
			knownRegions = (
				en,
				Base,
			);
			mainGroup = EC4491582A98F1A3004F662E;
			productRefGroup = EC4491622A98F1A3004F662E /* Products */;
			projectDirPath = "";
			projectRoot = "";
			targets = (
				EC4491602A98F1A3004F662E /* secret-pole */,
				EC4491702A98F1A4004F662E /* secret-poleTests */,
				EC44917A2A98F1A4004F662E /* secret-poleUITests */,
			);
		};
/* End PBXProject section */

/* Begin PBXResourcesBuildPhase section */
		EC44915F2A98F1A3004F662E /* Resources */ = {
			isa = PBXResourcesBuildPhase;
			buildActionMask = 2147483647;
			files = (
				EC44916C2A98F1A4004F662E /* Preview Assets.xcassets in Resources */,
				EC4491692A98F1A4004F662E /* Assets.xcassets in Resources */,
			);
			runOnlyForDeploymentPostprocessing = 0;
		};
		EC44916F2A98F1A4004F662E /* Resources */ = {
			isa = PBXResourcesBuildPhase;
			buildActionMask = 2147483647;
			files = (
			);
			runOnlyForDeploymentPostprocessing = 0;
		};
		EC4491792A98F1A4004F662E /* Resources */ = {
			isa = PBXResourcesBuildPhase;
			buildActionMask = 2147483647;
			files = (
			);
			runOnlyForDeploymentPostprocessing = 0;
		};
/* End PBXResourcesBuildPhase section */

/* Begin PBXSourcesBuildPhase section */
		EC44915D2A98F1A3004F662E /* Sources */ = {
			isa = PBXSourcesBuildPhase;
			buildActionMask = 2147483647;
			files = (
				EC4491672A98F1A3004F662E /* ContentView.swift in Sources */,
				EC4491652A98F1A3004F662E /* secret_poleApp.swift in Sources */,
			);
			runOnlyForDeploymentPostprocessing = 0;
		};
		EC44916D2A98F1A4004F662E /* Sources */ = {
			isa = PBXSourcesBuildPhase;
			buildActionMask = 2147483647;
			files = (
				EC4491762A98F1A4004F662E /* secret_poleTests.swift in Sources */,
			);
			runOnlyForDeploymentPostprocessing = 0;
		};
		EC4491772A98F1A4004F662E /* Sources */ = {
			isa = PBXSourcesBuildPhase;
			buildActionMask = 2147483647;
			files = (
				EC4491822A98F1A4004F662E /* secret_poleUITestsLaunchTests.swift in Sources */,
				EC4491802A98F1A4004F662E /* secret_poleUITests.swift in Sources */,
			);
			runOnlyForDeploymentPostprocessing = 0;
		};
/* End PBXSourcesBuildPhase section */

/* Begin PBXTargetDependency section */
		EC4491732A98F1A4004F662E /* PBXTargetDependency */ = {
			isa = PBXTargetDependency;
			target = EC4491602A98F1A3004F662E /* secret-pole */;
			targetProxy = EC4491722A98F1A4004F662E /* PBXContainerItemProxy */;
		};
		EC44917D2A98F1A4004F662E /* PBXTargetDependency */ = {
			isa = PBXTargetDependency;
			target = EC4491602A98F1A3004F662E /* secret-pole */;
			targetProxy = EC44917C2A98F1A4004F662E /* PBXContainerItemProxy */;
		};
/* End PBXTargetDependency section */

/* Begin XCBuildConfiguration section */
		EC4491832A98F1A4004F662E /* Debug */ = {
			isa = XCBuildConfiguration;
			buildSettings = {
				ALWAYS_SEARCH_USER_PATHS = NO;
				CLANG_ANALYZER_NONNULL = YES;
				CLANG_ANALYZER_NUMBER_OBJECT_CONVERSION = YES_AGGRESSIVE;
				CLANG_CXX_LANGUAGE_STANDARD = "gnu++20";
				CLANG_ENABLE_MODULES = YES;
				CLANG_ENABLE_OBJC_ARC = YES;
				CLANG_ENABLE_OBJC_WEAK = YES;
				CLANG_WARN_BLOCK_CAPTURE_AUTORELEASING = YES;
				CLANG_WARN_BOOL_CONVERSION = YES;
				CLANG_WARN_COMMA = YES;
				CLANG_WARN_CONSTANT_CONVERSION = YES;
				CLANG_WARN_DEPRECATED_OBJC_IMPLEMENTATIONS = YES;
				CLANG_WARN_DIRECT_OBJC_ISA_USAGE = YES_ERROR;
				CLANG_WARN_DOCUMENTATION_COMMENTS = YES;
				CLANG_WARN_EMPTY_BODY = YES;
				CLANG_WARN_ENUM_CONVERSION = YES;
				CLANG_WARN_INFINITE_RECURSION = YES;
				CLANG_WARN_INT_CONVERSION = YES;
				CLANG_WARN_NON_LITERAL_NULL_CONVERSION = YES;
				CLANG_WARN_OBJC_IMPLICIT_RETAIN_SELF = YES;
				CLANG_WARN_OBJC_LITERAL_CONVERSION = YES;
				CLANG_WARN_OBJC_ROOT_CLASS = YES_ERROR;
				CLANG_WARN_QUOTED_INCLUDE_IN_FRAMEWORK_HEADER = YES;
				CLANG_WARN_RANGE_LOOP_ANALYSIS = YES;
				CLANG_WARN_STRICT_PROTOTYPES = YES;
				CLANG_WARN_SUSPICIOUS_MOVE = YES;
				CLANG_WARN_UNGUARDED_AVAILABILITY = YES_AGGRESSIVE;
				CLANG_WARN_UNREACHABLE_CODE = YES;
				CLANG_WARN__DUPLICATE_METHOD_MATCH = YES;
				COPY_PHASE_STRIP = NO;
				DEBUG_INFORMATION_FORMAT = dwarf;
				ENABLE_STRICT_OBJC_MSGSEND = YES;
				ENABLE_TESTABILITY = YES;
				GCC_C_LANGUAGE_STANDARD = gnu11;
				GCC_DYNAMIC_NO_PIC = NO;
				GCC_NO_COMMON_BLOCKS = YES;
				GCC_OPTIMIZATION_LEVEL = 0;
				GCC_PREPROCESSOR_DEFINITIONS = (
					"DEBUG=1",
					"$(inherited)",
				);
				GCC_WARN_64_TO_32_BIT_CONVERSION = YES;
				GCC_WARN_ABOUT_RETURN_TYPE = YES_ERROR;
				GCC_WARN_UNDECLARED_SELECTOR = YES;
				GCC_WARN_UNINITIALIZED_AUTOS = YES_AGGRESSIVE;
				GCC_WARN_UNUSED_FUNCTION = YES;
				GCC_WARN_UNUSED_VARIABLE = YES;
				IPHONEOS_DEPLOYMENT_TARGET = 16.4;
				MTL_ENABLE_DEBUG_INFO = INCLUDE_SOURCE;
				MTL_FAST_MATH = YES;
				ONLY_ACTIVE_ARCH = YES;
				SDKROOT = iphoneos;
				SWIFT_ACTIVE_COMPILATION_CONDITIONS = DEBUG;
				SWIFT_OPTIMIZATION_LEVEL = "-Onone";
			};
			name = Debug;
		};
		EC4491842A98F1A4004F662E /* Release */ = {
			isa = XCBuildConfiguration;
			buildSettings = {
				ALWAYS_SEARCH_USER_PATHS = NO;
				CLANG_ANALYZER_NONNULL = YES;
				CLANG_ANALYZER_NUMBER_OBJECT_CONVERSION = YES_AGGRESSIVE;
				CLANG_CXX_LANGUAGE_STANDARD = "gnu++20";
				CLANG_ENABLE_MODULES = YES;
				CLANG_ENABLE_OBJC_ARC = YES;
				CLANG_ENABLE_OBJC_WEAK = YES;
				CLANG_WARN_BLOCK_CAPTURE_AUTORELEASING = YES;
				CLANG_WARN_BOOL_CONVERSION = YES;
				CLANG_WARN_COMMA = YES;
				CLANG_WARN_CONSTANT_CONVERSION = YES;
				CLANG_WARN_DEPRECATED_OBJC_IMPLEMENTATIONS = YES;
				CLANG_WARN_DIRECT_OBJC_ISA_USAGE = YES_ERROR;
				CLANG_WARN_DOCUMENTATION_COMMENTS = YES;
				CLANG_WARN_EMPTY_BODY = YES;
				CLANG_WARN_ENUM_CONVERSION = YES;
				CLANG_WARN_INFINITE_RECURSION = YES;
				CLANG_WARN_INT_CONVERSION = YES;
				CLANG_WARN_NON_LITERAL_NULL_CONVERSION = YES;
				CLANG_WARN_OBJC_IMPLICIT_RETAIN_SELF = YES;
				CLANG_WARN_OBJC_LITERAL_CONVERSION = YES;
				CLANG_WARN_OBJC_ROOT_CLASS = YES_ERROR;
				CLANG_WARN_QUOTED_INCLUDE_IN_FRAMEWORK_HEADER = YES;
				CLANG_WARN_RANGE_LOOP_ANALYSIS = YES;
				CLANG_WARN_STRICT_PROTOTYPES = YES;
				CLANG_WARN_SUSPICIOUS_MOVE = YES;
				CLANG_WARN_UNGUARDED_AVAILABILITY = YES_AGGRESSIVE;
				CLANG_WARN_UNREACHABLE_CODE = YES;
				CLANG_WARN__DUPLICATE_METHOD_MATCH = YES;
				COPY_PHASE_STRIP = NO;
				DEBUG_INFORMATION_FORMAT = "dwarf-with-dsym";
				ENABLE_NS_ASSERTIONS = NO;
				ENABLE_STRICT_OBJC_MSGSEND = YES;
				GCC_C_LANGUAGE_STANDARD = gnu11;
				GCC_NO_COMMON_BLOCKS = YES;
				GCC_WARN_64_TO_32_BIT_CONVERSION = YES;
				GCC_WARN_ABOUT_RETURN_TYPE = YES_ERROR;
				GCC_WARN_UNDECLARED_SELECTOR = YES;
				GCC_WARN_UNINITIALIZED_AUTOS = YES_AGGRESSIVE;
				GCC_WARN_UNUSED_FUNCTION = YES;
				GCC_WARN_UNUSED_VARIABLE = YES;
				IPHONEOS_DEPLOYMENT_TARGET = 16.4;
				MTL_ENABLE_DEBUG_INFO = NO;
				MTL_FAST_MATH = YES;
				SDKROOT = iphoneos;
				SWIFT_COMPILATION_MODE = wholemodule;
				SWIFT_OPTIMIZATION_LEVEL = "-O";
				VALIDATE_PRODUCT = YES;
			};
			name = Release;
		};
		EC4491862A98F1A4004F662E /* Debug */ = {
			isa = XCBuildConfiguration;
			buildSettings = {
				ASSETCATALOG_COMPILER_APPICON_NAME = AppIcon;
				ASSETCATALOG_COMPILER_GLOBAL_ACCENT_COLOR_NAME = AccentColor;
				CODE_SIGN_STYLE = Automatic;
				CURRENT_PROJECT_VERSION = 1;
				DEVELOPMENT_ASSET_PATHS = "\"secret-pole/Preview Content\"";
				DEVELOPMENT_TEAM = XC858XYU47;
				ENABLE_PREVIEWS = YES;
				GENERATE_INFOPLIST_FILE = YES;
				INFOPLIST_KEY_UIApplicationSceneManifest_Generation = YES;
				INFOPLIST_KEY_UIApplicationSupportsIndirectInputEvents = YES;
				INFOPLIST_KEY_UILaunchScreen_Generation = YES;
				INFOPLIST_KEY_UISupportedInterfaceOrientations_iPad = "UIInterfaceOrientationPortrait UIInterfaceOrientationPortraitUpsideDown UIInterfaceOrientationLandscapeLeft UIInterfaceOrientationLandscapeRight";
				INFOPLIST_KEY_UISupportedInterfaceOrientations_iPhone = "UIInterfaceOrientationPortrait UIInterfaceOrientationLandscapeLeft UIInterfaceOrientationLandscapeRight";
				LD_RUNPATH_SEARCH_PATHS = (
					"$(inherited)",
					"@executable_path/Frameworks",
				);
				MARKETING_VERSION = 1.0;
				PRODUCT_BUNDLE_IDENTIFIER = "nambui.secret-pole";
				PRODUCT_NAME = "$(TARGET_NAME)";
				SWIFT_EMIT_LOC_STRINGS = YES;
				SWIFT_VERSION = 5.0;
				TARGETED_DEVICE_FAMILY = "1,2";
			};
			name = Debug;
		};
		EC4491872A98F1A4004F662E /* Release */ = {
			isa = XCBuildConfiguration;
			buildSettings = {
				ASSETCATALOG_COMPILER_APPICON_NAME = AppIcon;
				ASSETCATALOG_COMPILER_GLOBAL_ACCENT_COLOR_NAME = AccentColor;
				CODE_SIGN_STYLE = Automatic;
				CURRENT_PROJECT_VERSION = 1;
				DEVELOPMENT_ASSET_PATHS = "\"secret-pole/Preview Content\"";
				DEVELOPMENT_TEAM = XC858XYU47;
				ENABLE_PREVIEWS = YES;
				GENERATE_INFOPLIST_FILE = YES;
				INFOPLIST_KEY_UIApplicationSceneManifest_Generation = YES;
				INFOPLIST_KEY_UIApplicationSupportsIndirectInputEvents = YES;
				INFOPLIST_KEY_UILaunchScreen_Generation = YES;
				INFOPLIST_KEY_UISupportedInterfaceOrientations_iPad = "UIInterfaceOrientationPortrait UIInterfaceOrientationPortraitUpsideDown UIInterfaceOrientationLandscapeLeft UIInterfaceOrientationLandscapeRight";
				INFOPLIST_KEY_UISupportedInterfaceOrientations_iPhone = "UIInterfaceOrientationPortrait UIInterfaceOrientationLandscapeLeft UIInterfaceOrientationLandscapeRight";
				LD_RUNPATH_SEARCH_PATHS = (
					"$(inherited)",
					"@executable_path/Frameworks",
				);
				MARKETING_VERSION = 1.0;
				PRODUCT_BUNDLE_IDENTIFIER = "nambui.secret-pole";
				PRODUCT_NAME = "$(TARGET_NAME)";
				SWIFT_EMIT_LOC_STRINGS = YES;
				SWIFT_VERSION = 5.0;
				TARGETED_DEVICE_FAMILY = "1,2";
			};
			name = Release;
		};
		EC4491892A98F1A4004F662E /* Debug */ = {
			isa = XCBuildConfiguration;
			buildSettings = {
				ALWAYS_EMBED_SWIFT_STANDARD_LIBRARIES = YES;
				BUNDLE_LOADER = "$(TEST_HOST)";
				CODE_SIGN_STYLE = Automatic;
				CURRENT_PROJECT_VERSION = 1;
				DEVELOPMENT_TEAM = XC858XYU47;
				GENERATE_INFOPLIST_FILE = YES;
				IPHONEOS_DEPLOYMENT_TARGET = 16.4;
				MARKETING_VERSION = 1.0;
				PRODUCT_BUNDLE_IDENTIFIER = "nambui.secret-poleTests";
				PRODUCT_NAME = "$(TARGET_NAME)";
				SWIFT_EMIT_LOC_STRINGS = NO;
				SWIFT_VERSION = 5.0;
				TARGETED_DEVICE_FAMILY = "1,2";
				TEST_HOST = "$(BUILT_PRODUCTS_DIR)/secret-pole.app/$(BUNDLE_EXECUTABLE_FOLDER_PATH)/secret-pole";
			};
			name = Debug;
		};
		EC44918A2A98F1A4004F662E /* Release */ = {
			isa = XCBuildConfiguration;
			buildSettings = {
				ALWAYS_EMBED_SWIFT_STANDARD_LIBRARIES = YES;
				BUNDLE_LOADER = "$(TEST_HOST)";
				CODE_SIGN_STYLE = Automatic;
				CURRENT_PROJECT_VERSION = 1;
				DEVELOPMENT_TEAM = XC858XYU47;
				GENERATE_INFOPLIST_FILE = YES;
				IPHONEOS_DEPLOYMENT_TARGET = 16.4;
				MARKETING_VERSION = 1.0;
				PRODUCT_BUNDLE_IDENTIFIER = "nambui.secret-poleTests";
				PRODUCT_NAME = "$(TARGET_NAME)";
				SWIFT_EMIT_LOC_STRINGS = NO;
				SWIFT_VERSION = 5.0;
				TARGETED_DEVICE_FAMILY = "1,2";
				TEST_HOST = "$(BUILT_PRODUCTS_DIR)/secret-pole.app/$(BUNDLE_EXECUTABLE_FOLDER_PATH)/secret-pole";
			};
			name = Release;
		};
		EC44918C2A98F1A4004F662E /* Debug */ = {
			isa = XCBuildConfiguration;
			buildSettings = {
				ALWAYS_EMBED_SWIFT_STANDARD_LIBRARIES = YES;
				CODE_SIGN_STYLE = Automatic;
				CURRENT_PROJECT_VERSION = 1;
				DEVELOPMENT_TEAM = XC858XYU47;
				GENERATE_INFOPLIST_FILE = YES;
				MARKETING_VERSION = 1.0;
				PRODUCT_BUNDLE_IDENTIFIER = "nambui.secret-poleUITests";
				PRODUCT_NAME = "$(TARGET_NAME)";
				SWIFT_EMIT_LOC_STRINGS = NO;
				SWIFT_VERSION = 5.0;
				TARGETED_DEVICE_FAMILY = "1,2";
				TEST_TARGET_NAME = "secret-pole";
			};
			name = Debug;
		};
		EC44918D2A98F1A4004F662E /* Release */ = {
			isa = XCBuildConfiguration;
			buildSettings = {
				ALWAYS_EMBED_SWIFT_STANDARD_LIBRARIES = YES;
				CODE_SIGN_STYLE = Automatic;
				CURRENT_PROJECT_VERSION = 1;
				DEVELOPMENT_TEAM = XC858XYU47;
				GENERATE_INFOPLIST_FILE = YES;
				MARKETING_VERSION = 1.0;
				PRODUCT_BUNDLE_IDENTIFIER = "nambui.secret-poleUITests";
				PRODUCT_NAME = "$(TARGET_NAME)";
				SWIFT_EMIT_LOC_STRINGS = NO;
				SWIFT_VERSION = 5.0;
				TARGETED_DEVICE_FAMILY = "1,2";
				TEST_TARGET_NAME = "secret-pole";
			};
			name = Release;
		};
/* End XCBuildConfiguration section */

/* Begin XCConfigurationList section */
		EC44915C2A98F1A3004F662E /* Build configuration list for PBXProject "secret-pole" */ = {
			isa = XCConfigurationList;
			buildConfigurations = (
				EC4491832A98F1A4004F662E /* Debug */,
				EC4491842A98F1A4004F662E /* Release */,
			);
			defaultConfigurationIsVisible = 0;
			defaultConfigurationName = Release;
		};
		EC4491852A98F1A4004F662E /* Build configuration list for PBXNativeTarget "secret-pole" */ = {
			isa = XCConfigurationList;
			buildConfigurations = (
				EC4491862A98F1A4004F662E /* Debug */,
				EC4491872A98F1A4004F662E /* Release */,
			);
			defaultConfigurationIsVisible = 0;
			defaultConfigurationName = Release;
		};
		EC4491882A98F1A4004F662E /* Build configuration list for PBXNativeTarget "secret-poleTests" */ = {
			isa = XCConfigurationList;
			buildConfigurations = (
				EC4491892A98F1A4004F662E /* Debug */,
				EC44918A2A98F1A4004F662E /* Release */,
			);
			defaultConfigurationIsVisible = 0;
			defaultConfigurationName = Release;
		};
		EC44918B2A98F1A4004F662E /* Build configuration list for PBXNativeTarget "secret-poleUITests" */ = {
			isa = XCConfigurationList;
			buildConfigurations = (
				EC44918C2A98F1A4004F662E /* Debug */,
				EC44918D2A98F1A4004F662E /* Release */,
			);
			defaultConfigurationIsVisible = 0;
			defaultConfigurationName = Release;
		};
/* End XCConfigurationList section */
	};
	rootObject = EC4491592A98F1A3004F662E /* Project object */;
}
